
Microsoft Visual Studio Solution File, Format Version 12.00
# Visual Studio Version 17
VisualStudioVersion = 17.13.35931.197
MinimumVisualStudioVersion = 10.0.40219.1
Project("{2150E333-8FDC-42A3-9474-1A3956D46DE8}") = "src", "src", "{02EA681E-C7D8-13C7-8484-4AC65E1B71E8}"
EndProject
Project("{2150E333-8FDC-42A3-9474-1A3956D46DE8}") = "BuildingBlocks", "BuildingBlocks", "{AD31B74C-572B-442D-AA2E-7EFB27C6A763}"
EndProject
Project("{FAE04EC0-301F-11D3-BF4B-00C04F79EFBC}") = "SharedKernel", "src\BuildingBlocks\SharedKernel\SharedKernel.csproj", "{B4CFE0B9-046B-4563-A993-9A892C9782B5}"
EndProject
Project("{2150E333-8FDC-42A3-9474-1A3956D46DE8}") = "Services", "Services", "{719572C9-5739-4AA8-BB5C-63C17B4978CD}"
EndProject
Project("{2150E333-8FDC-42A3-9474-1A3956D46DE8}") = "AuthService", "AuthService", "{91544791-FAB8-4B9F-8330-F4684A27A02B}"
EndProject
Project("{FAE04EC0-301F-11D3-BF4B-00C04F79EFBC}") = "AuthService.API", "src\BuildingBlocks\Services\AuthService\AuthService.API\AuthService.API.csproj", "{71644861-3306-41E6-8A8B-EA59CF8556CD}"
EndProject
Project("{FAE04EC0-301F-11D3-BF4B-00C04F79EFBC}") = "AuthService.Application", "src\BuildingBlocks\Services\AuthService\AuthService.Application\AuthService.Application.csproj", "{61133062-9DBA-49BC-A5C9-8692A63ECE73}"
EndProject
Project("{FAE04EC0-301F-11D3-BF4B-00C04F79EFBC}") = "AuthService.Domain", "src\BuildingBlocks\Services\AuthService\AuthService.Domain\AuthService.Domain.csproj", "{FA9586AD-89A4-4067-924A-11D41082A31C}"
EndProject
Project("{FAE04EC0-301F-11D3-BF4B-00C04F79EFBC}") = "AuthService.Infrastructure", "src\BuildingBlocks\Services\AuthService\AuthService.Infrastructure\AuthService.Infrastructure.csproj", "{50944CCC-6672-4DDB-AC7E-8E25A49BA92B}"
EndProject
Project("{2150E333-8FDC-42A3-9474-1A3956D46DE8}") = "FileMetadataService", "FileMetadataService", "{540A24EC-0027-41A5-A340-794F0F2889BC}"
EndProject
Project("{FAE04EC0-301F-11D3-BF4B-00C04F79EFBC}") = "FileMetadataService.Infrastructure", "src\BuildingBlocks\Services\FileMetadataService\FileMetadataService.Infrastructure\FileMetadataService.Infrastructure.csproj", "{46648FC5-F30E-4C72-A14C-135C12786F0F}"
EndProject
Project("{FAE04EC0-301F-11D3-BF4B-00C04F79EFBC}") = "FileMetadataService.Domain", "src\BuildingBlocks\Services\FileMetadataService\FileMetadataService.Domain\FileMetadataService.Domain.csproj", "{F20078C9-28A5-43E3-BD13-2C083A9B6794}"
EndProject
Project("{FAE04EC0-301F-11D3-BF4B-00C04F79EFBC}") = "FileMetadataService.Application", "src\BuildingBlocks\Services\FileMetadataService\FileMetadataService.Application\FileMetadataService.Application.csproj", "{0857BAB0-F83B-434B-800F-AA251068472A}"
EndProject
Project("{FAE04EC0-301F-11D3-BF4B-00C04F79EFBC}") = "FileMetadataService.API", "src\BuildingBlocks\Services\FileMetadataService\FileMetadataService.API\FileMetadataService.API.csproj", "{CB8BFFC1-EC92-4DA5-A08F-BB0929677187}"
EndProject
Project("{2150E333-8FDC-42A3-9474-1A3956D46DE8}") = "FileStorageService", "FileStorageService", "{48A0C0E6-6842-4AA8-8850-43C3CBB71AA0}"
EndProject
Project("{FAE04EC0-301F-11D3-BF4B-00C04F79EFBC}") = "FileStorageService.Domain", "src\BuildingBlocks\Services\FileStorageService\FileStorageService.Domain\FileStorageService.Domain.csproj", "{3D36FB93-B782-4007-AABE-8590D2C4102B}"
EndProject
Project("{FAE04EC0-301F-11D3-BF4B-00C04F79EFBC}") = "FileStorageService.Application", "src\BuildingBlocks\Services\FileStorageService\FileStorageService.Application\FileStorageService.Application.csproj", "{D6D8ED6C-FDBB-4529-8372-37CFF0C1FDC2}"
EndProject
Project("{FAE04EC0-301F-11D3-BF4B-00C04F79EFBC}") = "FileStorageService.Infrastructure", "src\BuildingBlocks\Services\FileStorageService\FileStorageService.Infrastructure\FileStorageService.Infrastructure.csproj", "{734CBCAC-DF58-47A0-9E4A-AD5D0375FE11}"
EndProject
Project("{FAE04EC0-301F-11D3-BF4B-00C04F79EFBC}") = "FileStorageService.API", "src\BuildingBlocks\Services\FileStorageService\FileStorageService.API\FileStorageService.API.csproj", "{D34D795A-7F2C-4043-96F0-A271253F71F8}"
EndProject
Project("{FAE04EC0-301F-11D3-BF4B-00C04F79EFBC}") = "ApiGateway", "ApiGateway\ApiGateway.csproj", "{FAA9F106-856A-4E69-8695-BAC74814A4A6}"
EndProject
Project("{2150E333-8FDC-42A3-9474-1A3956D46DE8}") = "Solution Items", "Solution Items", "{8EC462FD-D22E-90A8-E5CE-7E832BA40C5D}"
	ProjectSection(SolutionItems) = preProject
		docker-compose.yml = docker-compose.yml
		start-services.bat = start-services.bat
	EndProjectSection
EndProject
Project("{FAE04EC0-301F-11D3-BF4B-00C04F79EFBC}") = "WebApp", "WebApp\WebApp.csproj", "{4B243B2F-CAC4-4304-9A45-B11D61A8A4BD}"
EndProject
Global
	GlobalSection(SolutionConfigurationPlatforms) = preSolution
		Debug|Any CPU = Debug|Any CPU
		Release|Any CPU = Release|Any CPU
	EndGlobalSection
	GlobalSection(ProjectConfigurationPlatforms) = postSolution
		{B4CFE0B9-046B-4563-A993-9A892C9782B5}.Debug|Any CPU.ActiveCfg = Debug|Any CPU
		{B4CFE0B9-046B-4563-A993-9A892C9782B5}.Debug|Any CPU.Build.0 = Debug|Any CPU
		{B4CFE0B9-046B-4563-A993-9A892C9782B5}.Release|Any CPU.ActiveCfg = Release|Any CPU
		{B4CFE0B9-046B-4563-A993-9A892C9782B5}.Release|Any CPU.Build.0 = Release|Any CPU
		{71644861-3306-41E6-8A8B-EA59CF8556CD}.Debug|Any CPU.ActiveCfg = Debug|Any CPU
		{71644861-3306-41E6-8A8B-EA59CF8556CD}.Debug|Any CPU.Build.0 = Debug|Any CPU
		{71644861-3306-41E6-8A8B-EA59CF8556CD}.Release|Any CPU.ActiveCfg = Release|Any CPU
		{71644861-3306-41E6-8A8B-EA59CF8556CD}.Release|Any CPU.Build.0 = Release|Any CPU
		{61133062-9DBA-49BC-A5C9-8692A63ECE73}.Debug|Any CPU.ActiveCfg = Debug|Any CPU
		{61133062-9DBA-49BC-A5C9-8692A63ECE73}.Debug|Any CPU.Build.0 = Debug|Any CPU
		{61133062-9DBA-49BC-A5C9-8692A63ECE73}.Release|Any CPU.ActiveCfg = Release|Any CPU
		{61133062-9DBA-49BC-A5C9-8692A63ECE73}.Release|Any CPU.Build.0 = Release|Any CPU
		{FA9586AD-89A4-4067-924A-11D41082A31C}.Debug|Any CPU.ActiveCfg = Debug|Any CPU
		{FA9586AD-89A4-4067-924A-11D41082A31C}.Debug|Any CPU.Build.0 = Debug|Any CPU
		{FA9586AD-89A4-4067-924A-11D41082A31C}.Release|Any CPU.ActiveCfg = Release|Any CPU
		{FA9586AD-89A4-4067-924A-11D41082A31C}.Release|Any CPU.Build.0 = Release|Any CPU
		{50944CCC-6672-4DDB-AC7E-8E25A49BA92B}.Debug|Any CPU.ActiveCfg = Debug|Any CPU
		{50944CCC-6672-4DDB-AC7E-8E25A49BA92B}.Debug|Any CPU.Build.0 = Debug|Any CPU
		{50944CCC-6672-4DDB-AC7E-8E25A49BA92B}.Release|Any CPU.ActiveCfg = Release|Any CPU
		{50944CCC-6672-4DDB-AC7E-8E25A49BA92B}.Release|Any CPU.Build.0 = Release|Any CPU
		{46648FC5-F30E-4C72-A14C-135C12786F0F}.Debug|Any CPU.ActiveCfg = Debug|Any CPU
		{46648FC5-F30E-4C72-A14C-135C12786F0F}.Debug|Any CPU.Build.0 = Debug|Any CPU
		{46648FC5-F30E-4C72-A14C-135C12786F0F}.Release|Any CPU.ActiveCfg = Release|Any CPU
		{46648FC5-F30E-4C72-A14C-135C12786F0F}.Release|Any CPU.Build.0 = Release|Any CPU
		{F20078C9-28A5-43E3-BD13-2C083A9B6794}.Debug|Any CPU.ActiveCfg = Debug|Any CPU
		{F20078C9-28A5-43E3-BD13-2C083A9B6794}.Debug|Any CPU.Build.0 = Debug|Any CPU
		{F20078C9-28A5-43E3-BD13-2C083A9B6794}.Release|Any CPU.ActiveCfg = Release|Any CPU
		{F20078C9-28A5-43E3-BD13-2C083A9B6794}.Release|Any CPU.Build.0 = Release|Any CPU
		{0857BAB0-F83B-434B-800F-AA251068472A}.Debug|Any CPU.ActiveCfg = Debug|Any CPU
		{0857BAB0-F83B-434B-800F-AA251068472A}.Debug|Any CPU.Build.0 = Debug|Any CPU
		{0857BAB0-F83B-434B-800F-AA251068472A}.Release|Any CPU.ActiveCfg = Release|Any CPU
		{0857BAB0-F83B-434B-800F-AA251068472A}.Release|Any CPU.Build.0 = Release|Any CPU
		{CB8BFFC1-EC92-4DA5-A08F-BB0929677187}.Debug|Any CPU.ActiveCfg = Debug|Any CPU
		{CB8BFFC1-EC92-4DA5-A08F-BB0929677187}.Debug|Any CPU.Build.0 = Debug|Any CPU
		{CB8BFFC1-EC92-4DA5-A08F-BB0929677187}.Release|Any CPU.ActiveCfg = Release|Any CPU
		{CB8BFFC1-EC92-4DA5-A08F-BB0929677187}.Release|Any CPU.Build.0 = Release|Any CPU
		{3D36FB93-B782-4007-AABE-8590D2C4102B}.Debug|Any CPU.ActiveCfg = Debug|Any CPU
		{3D36FB93-B782-4007-AABE-8590D2C4102B}.Debug|Any CPU.Build.0 = Debug|Any CPU
		{3D36FB93-B782-4007-AABE-8590D2C4102B}.Release|Any CPU.ActiveCfg = Release|Any CPU
		{3D36FB93-B782-4007-AABE-8590D2C4102B}.Release|Any CPU.Build.0 = Release|Any CPU
		{D6D8ED6C-FDBB-4529-8372-37CFF0C1FDC2}.Debug|Any CPU.ActiveCfg = Debug|Any CPU
		{D6D8ED6C-FDBB-4529-8372-37CFF0C1FDC2}.Debug|Any CPU.Build.0 = Debug|Any CPU
		{D6D8ED6C-FDBB-4529-8372-37CFF0C1FDC2}.Release|Any CPU.ActiveCfg = Release|Any CPU
		{D6D8ED6C-FDBB-4529-8372-37CFF0C1FDC2}.Release|Any CPU.Build.0 = Release|Any CPU
		{734CBCAC-DF58-47A0-9E4A-AD5D0375FE11}.Debug|Any CPU.ActiveCfg = Debug|Any CPU
		{734CBCAC-DF58-47A0-9E4A-AD5D0375FE11}.Debug|Any CPU.Build.0 = Debug|Any CPU
		{734CBCAC-DF58-47A0-9E4A-AD5D0375FE11}.Release|Any CPU.ActiveCfg = Release|Any CPU
		{734CBCAC-DF58-47A0-9E4A-AD5D0375FE11}.Release|Any CPU.Build.0 = Release|Any CPU
		{D34D795A-7F2C-4043-96F0-A271253F71F8}.Debug|Any CPU.ActiveCfg = Debug|Any CPU
		{D34D795A-7F2C-4043-96F0-A271253F71F8}.Debug|Any CPU.Build.0 = Debug|Any CPU
		{D34D795A-7F2C-4043-96F0-A271253F71F8}.Release|Any CPU.ActiveCfg = Release|Any CPU
		{D34D795A-7F2C-4043-96F0-A271253F71F8}.Release|Any CPU.Build.0 = Release|Any CPU
		{FAA9F106-856A-4E69-8695-BAC74814A4A6}.Debug|Any CPU.ActiveCfg = Debug|Any CPU
		{FAA9F106-856A-4E69-8695-BAC74814A4A6}.Debug|Any CPU.Build.0 = Debug|Any CPU
		{FAA9F106-856A-4E69-8695-BAC74814A4A6}.Release|Any CPU.ActiveCfg = Release|Any CPU
		{FAA9F106-856A-4E69-8695-BAC74814A4A6}.Release|Any CPU.Build.0 = Release|Any CPU
		{4B243B2F-CAC4-4304-9A45-B11D61A8A4BD}.Debug|Any CPU.ActiveCfg = Debug|Any CPU
		{4B243B2F-CAC4-4304-9A45-B11D61A8A4BD}.Debug|Any CPU.Build.0 = Debug|Any CPU
		{4B243B2F-CAC4-4304-9A45-B11D61A8A4BD}.Release|Any CPU.ActiveCfg = Release|Any CPU
		{4B243B2F-CAC4-4304-9A45-B11D61A8A4BD}.Release|Any CPU.Build.0 = Release|Any CPU
	EndGlobalSection
	GlobalSection(SolutionProperties) = preSolution
		HideSolutionNode = FALSE
	EndGlobalSection
	GlobalSection(NestedProjects) = preSolution
		{AD31B74C-572B-442D-AA2E-7EFB27C6A763} = {02EA681E-C7D8-13C7-8484-4AC65E1B71E8}
		{B4CFE0B9-046B-4563-A993-9A892C9782B5} = {AD31B74C-572B-442D-AA2E-7EFB27C6A763}
		{719572C9-5739-4AA8-BB5C-63C17B4978CD} = {02EA681E-C7D8-13C7-8484-4AC65E1B71E8}
		{91544791-FAB8-4B9F-8330-F4684A27A02B} = {719572C9-5739-4AA8-BB5C-63C17B4978CD}
		{71644861-3306-41E6-8A8B-EA59CF8556CD} = {91544791-FAB8-4B9F-8330-F4684A27A02B}
		{61133062-9DBA-49BC-A5C9-8692A63ECE73} = {91544791-FAB8-4B9F-8330-F4684A27A02B}
		{FA9586AD-89A4-4067-924A-11D41082A31C} = {91544791-FAB8-4B9F-8330-F4684A27A02B}
		{50944CCC-6672-4DDB-AC7E-8E25A49BA92B} = {91544791-FAB8-4B9F-8330-F4684A27A02B}
		{540A24EC-0027-41A5-A340-794F0F2889BC} = {719572C9-5739-4AA8-BB5C-63C17B4978CD}
		{46648FC5-F30E-4C72-A14C-135C12786F0F} = {540A24EC-0027-41A5-A340-794F0F2889BC}
		{F20078C9-28A5-43E3-BD13-2C083A9B6794} = {540A24EC-0027-41A5-A340-794F0F2889BC}
		{0857BAB0-F83B-434B-800F-AA251068472A} = {540A24EC-0027-41A5-A340-794F0F2889BC}
		{CB8BFFC1-EC92-4DA5-A08F-BB0929677187} = {540A24EC-0027-41A5-A340-794F0F2889BC}
		{48A0C0E6-6842-4AA8-8850-43C3CBB71AA0} = {719572C9-5739-4AA8-BB5C-63C17B4978CD}
		{3D36FB93-B782-4007-AABE-8590D2C4102B} = {48A0C0E6-6842-4AA8-8850-43C3CBB71AA0}
		{D6D8ED6C-FDBB-4529-8372-37CFF0C1FDC2} = {48A0C0E6-6842-4AA8-8850-43C3CBB71AA0}
		{734CBCAC-DF58-47A0-9E4A-AD5D0375FE11} = {48A0C0E6-6842-4AA8-8850-43C3CBB71AA0}
		{D34D795A-7F2C-4043-96F0-A271253F71F8} = {48A0C0E6-6842-4AA8-8850-43C3CBB71AA0}
	EndGlobalSection
	GlobalSection(ExtensibilityGlobals) = postSolution
		SolutionGuid = {DD9CB638-C3C4-422A-BC26-9E9893C45894}
	EndGlobalSection
EndGlobal
